
Microsoft Visual Studio Solution File, Format Version 12.00
# Visual Studio Version 17
VisualStudioVersion = 17.3.32929.385
MinimumVisualStudioVersion = 10.0.40219.1
Project("{FAE04EC0-301F-11D3-BF4B-00C04F79EFBC}") = "practicaFinal", "practicaFinal\practicaFinal.csproj", "{F70059B7-CDB6-46A1-9E51-F0AC1E5AEFC3}"
EndProject
Global
	GlobalSection(SolutionConfigurationPlatforms) = preSolution
		Debug|Any CPU = Debug|Any CPU
		Release|Any CPU = Release|Any CPU
	EndGlobalSection
	GlobalSection(ProjectConfigurationPlatforms) = postSolution
		{F70059B7-CDB6-46A1-9E51-F0AC1E5AEFC3}.Debug|Any CPU.ActiveCfg = Debug|Any CPU
		{F70059B7-CDB6-46A1-9E51-F0AC1E5AEFC3}.Debug|Any CPU.Build.0 = Debug|Any CPU
		{F70059B7-CDB6-46A1-9E51-F0AC1E5AEFC3}.Release|Any CPU.ActiveCfg = Release|Any CPU
		{F70059B7-CDB6-46A1-9E51-F0AC1E5AEFC3}.Release|Any CPU.Build.0 = Release|Any CPU
	EndGlobalSection
	GlobalSection(SolutionProperties) = preSolution
		HideSolutionNode = FALSE
	EndGlobalSection
	GlobalSection(ExtensibilityGlobals) = postSolution
		SolutionGuid = {218A4090-3875-40F1-AB51-D89C35C9A4AF}
	EndGlobalSection
EndGlobal
